# @generated - this file is auto-generated by `mise lock` https://mise.jdx.dev/dev-tools/mise-lock.html

[[tools."aqua:neovim/neovim"]]
version = "0.11.6"
backend = "aqua:neovim/neovim"

[tools."aqua:neovim/neovim"."platforms.linux-arm64"]
checksum = "sha256:8ddc0c101846145e830b17bbca50782ca9307eee4fab539d9e2ddaf8793c06f1"
url = "https://github.com/neovim/neovim/releases/download/v0.11.6/nvim-linux-arm64.tar.gz"

[tools."aqua:neovim/neovim"."platforms.linux-arm64-musl"]
checksum = "sha256:8ddc0c101846145e830b17bbca50782ca9307eee4fab539d9e2ddaf8793c06f1"
url = "https://github.com/neovim/neovim/releases/download/v0.11.6/nvim-linux-arm64.tar.gz"

[tools."aqua:neovim/neovim"."platforms.linux-x64"]
checksum = "sha256:2fc90b962327f73a78afbfb8203fd19db8db9cdf4ee5e2bef84704339add89cc"
url = "https://github.com/neovim/neovim/releases/download/v0.11.6/nvim-linux-x86_64.tar.gz"

[tools."aqua:neovim/neovim"."platforms.linux-x64-musl"]
checksum = "sha256:2fc90b962327f73a78afbfb8203fd19db8db9cdf4ee5e2bef84704339add89cc"
url = "https://github.com/neovim/neovim/releases/download/v0.11.6/nvim-linux-x86_64.tar.gz"

[tools."aqua:neovim/neovim"."platforms.macos-arm64"]
checksum = "sha256:d5ee93b67630d5a87f3d336d0f7e8b2fe6973aa653d3cc93b82b820e6538c1dd"
url = "https://github.com/neovim/neovim/releases/download/v0.11.6/nvim-macos-arm64.tar.gz"

[tools."aqua:neovim/neovim"."platforms.macos-x64"]
checksum = "sha256:6e665bb0a711cf974050e0f7183dbb696b1e7425814eb87df7cb094a49054a06"
url = "https://github.com/neovim/neovim/releases/download/v0.11.6/nvim-macos-x86_64.tar.gz"

[tools."aqua:neovim/neovim"."platforms.windows-x64"]
checksum = "sha256:90fc6d7cdf3d3388737caab1e2c554aa24b468f3a5cc38ef63857ddf1103513c"
url = "https://github.com/neovim/neovim/releases/download/v0.11.6/nvim-win64.zip"
